// !$*UTF8*$!
{
	archiveVersion = 1;
	classes = {
	};
	objectVersion = 46;
	objects = {

/* Begin PBXBuildFile section */
		28853A601C98391D007659D7 /* AppDelegate.m in Sources */ = {isa = PBXBuildFile; fileRef = 28853A541C98391D007659D7 /* AppDelegate.m */; };
		28853A611C98391D007659D7 /* main.m in Sources */ = {isa = PBXBuildFile; fileRef = 28853A551C98391D007659D7 /* main.m */; };
		28853A621C98391D007659D7 /* ViewController.m in Sources */ = {isa = PBXBuildFile; fileRef = 28853A581C98391D007659D7 /* ViewController.m */; };
		28853A631C98391D007659D7 /* LaunchScreen.xib in Resources */ = {isa = PBXBuildFile; fileRef = 28853A5A1C98391D007659D7 /* LaunchScreen.xib */; };
		28853A641C98391D007659D7 /* Main.storyboard in Resources */ = {isa = PBXBuildFile; fileRef = 28853A5C1C98391D007659D7 /* Main.storyboard */; };
		28853A651C98391D007659D7 /* Images.xcassets in Resources */ = {isa = PBXBuildFile; fileRef = 28853A5E1C98391D007659D7 /* Images.xcassets */; };
		28C2E8631C996DA500EF944F /* PadovanNumber.m in Sources */ = {isa = PBXBuildFile; fileRef = 28C2E8621C996DA500EF944F /* PadovanNumber.m */; };
/* End PBXBuildFile section */

/* Begin PBXFileReference section */
		28853A201C98380F007659D7 /* TrickySequence.app */ = {isa = PBXFileReference; explicitFileType = wrapper.application; includeInIndex = 0; path = TrickySequence.app; sourceTree = BUILT_PRODUCTS_DIR; };
		28853A531C98391D007659D7 /* AppDelegate.h */ = {isa = PBXFileReference; fileEncoding = 4; lastKnownFileType = sourcecode.c.h; path = AppDelegate.h; sourceTree = "<group>"; };
		28853A541C98391D007659D7 /* AppDelegate.m */ = {isa = PBXFileReference; fileEncoding = 4; lastKnownFileType = sourcecode.c.objc; path = AppDelegate.m; sourceTree = "<group>"; };
		28853A551C98391D007659D7 /* main.m */ = {isa = PBXFileReference; fileEncoding = 4; lastKnownFileType = sourcecode.c.objc; path = main.m; sourceTree = "<group>"; };
		28853A571C98391D007659D7 /* ViewController.h */ = {isa = PBXFileReference; fileEncoding = 4; lastKnownFileType = sourcecode.c.h; path = ViewController.h; sourceTree = "<group>"; };
		28853A581C98391D007659D7 /* ViewController.m */ = {isa = PBXFileReference; fileEncoding = 4; lastKnownFileType = sourcecode.c.objc; path = ViewController.m; sourceTree = "<group>"; };
		28853A5B1C98391D007659D7 /* Base */ = {isa = PBXFileReference; lastKnownFileType = file.xib; name = Base; path = Base.lproj/LaunchScreen.xib; sourceTree = "<group>"; };
		28853A5D1C98391D007659D7 /* Base */ = {isa = PBXFileReference; lastKnownFileType = file.storyboard; name = Base; path = Base.lproj/Main.storyboard; sourceTree = "<group>"; };
		28853A5E1C98391D007659D7 /* Images.xcassets */ = {isa = PBXFileReference; lastKnownFileType = folder.assetcatalog; path = Images.xcassets; sourceTree = "<group>"; };
		28853A5F1C98391D007659D7 /* Info.plist */ = {isa = PBXFileReference; fileEncoding = 4; lastKnownFileType = text.plist.xml; path = Info.plist; sourceTree = "<group>"; };
		28C2E8611C996DA500EF944F /* PadovanNumber.h */ = {isa = PBXFileReference; fileEncoding = 4; lastKnownFileType = sourcecode.c.h; name = PadovanNumber.h; path = Internal/Model/PadovanNumber.h; sourceTree = SOURCE_ROOT; };
		28C2E8621C996DA500EF944F /* PadovanNumber.m */ = {isa = PBXFileReference; fileEncoding = 4; lastKnownFileType = sourcecode.c.objc; name = PadovanNumber.m; path = Internal/Model/PadovanNumber.m; sourceTree = SOURCE_ROOT; };
/* End PBXFileReference section */

/* Begin PBXFrameworksBuildPhase section */
		28853A1D1C98380F007659D7 /* Frameworks */ = {
			isa = PBXFrameworksBuildPhase;
			buildActionMask = 2147483647;
			files = (
			);
			runOnlyForDeploymentPostprocessing = 0;
		};
/* End PBXFrameworksBuildPhase section */

/* Begin PBXGroup section */
		28853A171C98380F007659D7 = {
			isa = PBXGroup;
			children = (
				28853A521C98391D007659D7 /* Internal */,
				28853A591C98391D007659D7 /* Resourses */,
				28853A211C98380F007659D7 /* Products */,
			);
			sourceTree = "<group>";
		};
		28853A211C98380F007659D7 /* Products */ = {
			isa = PBXGroup;
			children = (
				28853A201C98380F007659D7 /* TrickySequence.app */,
			);
			name = Products;
			sourceTree = "<group>";
		};
		28853A521C98391D007659D7 /* Internal */ = {
			isa = PBXGroup;
			children = (
				28853A561C98391D007659D7 /* Model */,
				28853A571C98391D007659D7 /* ViewController.h */,
				28853A581C98391D007659D7 /* ViewController.m */,
				28853A531C98391D007659D7 /* AppDelegate.h */,
				28853A541C98391D007659D7 /* AppDelegate.m */,
				28853A551C98391D007659D7 /* main.m */,
			);
			path = Internal;
			sourceTree = "<group>";
		};
		28853A561C98391D007659D7 /* Model */ = {
			isa = PBXGroup;
			children = (
				28C2E8611C996DA500EF944F /* PadovanNumber.h */,
				28C2E8621C996DA500EF944F /* PadovanNumber.m */,
			);
			name = Model;
			path = Models;
			sourceTree = "<group>";
		};
		28853A591C98391D007659D7 /* Resourses */ = {
			isa = PBXGroup;
			children = (
				28853A5A1C98391D007659D7 /* LaunchScreen.xib */,
				28853A5C1C98391D007659D7 /* Main.storyboard */,
				28853A5E1C98391D007659D7 /* Images.xcassets */,
				28853A5F1C98391D007659D7 /* Info.plist */,
			);
			path = Resourses;
			sourceTree = "<group>";
		};
/* End PBXGroup section */

/* Begin PBXNativeTarget section */
		28853A1F1C98380F007659D7 /* TrickySequence */ = {
			isa = PBXNativeTarget;
			buildConfigurationList = 28853A431C98380F007659D7 /* Build configuration list for PBXNativeTarget "TrickySequence" */;
			buildPhases = (
				28853A1C1C98380F007659D7 /* Sources */,
				28853A1D1C98380F007659D7 /* Frameworks */,
				28853A1E1C98380F007659D7 /* Resources */,
			);
			buildRules = (
			);
			dependencies = (
			);
			name = TrickySequence;
			productName = TrickySequence;
			productReference = 28853A201C98380F007659D7 /* TrickySequence.app */;
			productType = "com.apple.product-type.application";
		};
/* End PBXNativeTarget section */

/* Begin PBXProject section */
		28853A181C98380F007659D7 /* Project object */ = {
			isa = PBXProject;
			attributes = {
				LastUpgradeCheck = 0640;
				ORGANIZATIONNAME = Dmitrii;
				TargetAttributes = {
					28853A1F1C98380F007659D7 = {
						CreatedOnToolsVersion = 6.4;
					};
				};
			};
			buildConfigurationList = 28853A1B1C98380F007659D7 /* Build configuration list for PBXProject "TrickySequence" */;
			compatibilityVersion = "Xcode 3.2";
			developmentRegion = English;
			hasScannedForEncodings = 0;
			knownRegions = (
				en,
				Base,
			);
			mainGroup = 28853A171C98380F007659D7;
			productRefGroup = 28853A211C98380F007659D7 /* Products */;
			projectDirPath = "";
			projectRoot = "";
			targets = (
				28853A1F1C98380F007659D7 /* TrickySequence */,
			);
		};
/* End PBXProject section */

/* Begin PBXResourcesBuildPhase section */
		28853A1E1C98380F007659D7 /* Resources */ = {
			isa = PBXResourcesBuildPhase;
			buildActionMask = 2147483647;
			files = (
				28853A651C98391D007659D7 /* Images.xcassets in Resources */,
				28853A631C98391D007659D7 /* LaunchScreen.xib in Resources */,
				28853A641C98391D007659D7 /* Main.storyboard in Resources */,
			);
			runOnlyForDeploymentPostprocessing = 0;
		};
/* End PBXResourcesBuildPhase section */

/* Begin PBXSourcesBuildPhase section */
		28853A1C1C98380F007659D7 /* Sources */ = {
			isa = PBXSourcesBuildPhase;
			buildActionMask = 2147483647;
			files = (
				28C2E8631C996DA500EF944F /* PadovanNumber.m in Sources */,
				28853A621C98391D007659D7 /* ViewController.m in Sources */,
				28853A611C98391D007659D7 /* main.m in Sources */,
				28853A601C98391D007659D7 /* AppDelegate.m in Sources */,
			);
			runOnlyForDeploymentPostprocessing = 0;
		};
/* End PBXSourcesBuildPhase section */

/* Begin PBXVariantGroup section */
		28853A5A1C98391D007659D7 /* LaunchScreen.xib */ = {
			isa = PBXVariantGroup;
			children = (
				28853A5B1C98391D007659D7 /* Base */,
			);
			name = LaunchScreen.xib;
			sourceTree = "<group>";
		};
		28853A5C1C98391D007659D7 /* Main.storyboard */ = {
			isa = PBXVariantGroup;
			children = (
				28853A5D1C98391D007659D7 /* Base */,
			);
			name = Main.storyboard;
			sourceTree = "<group>";
		};
/* End PBXVariantGroup section */

/* Begin XCBuildConfiguration section */
		28853A411C98380F007659D7 /* Debug */ = {
			isa = XCBuildConfiguration;
			buildSettings = {
				ALWAYS_SEARCH_USER_PATHS = NO;
				CLANG_CXX_LANGUAGE_STANDARD = "gnu++0x";
				CLANG_CXX_LIBRARY = "libc++";
				CLANG_ENABLE_MODULES = YES;
				CLANG_ENABLE_OBJC_ARC = YES;
				CLANG_WARN_BOOL_CONVERSION = YES;
				CLANG_WARN_CONSTANT_CONVERSION = YES;
				CLANG_WARN_DIRECT_OBJC_ISA_USAGE = YES_ERROR;
				CLANG_WARN_EMPTY_BODY = YES;
				CLANG_WARN_ENUM_CONVERSION = YES;
				CLANG_WARN_INT_CONVERSION = YES;
				CLANG_WARN_OBJC_ROOT_CLASS = YES_ERROR;
				CLANG_WARN_UNREACHABLE_CODE = YES;
				CLANG_WARN__DUPLICATE_METHOD_MATCH = YES;
				"CODE_SIGN_IDENTITY[sdk=iphoneos*]" = "iPhone Developer";
				COPY_PHASE_STRIP = NO;
				DEBUG_INFORMATION_FORMAT = "dwarf-with-dsym";
				ENABLE_STRICT_OBJC_MSGSEND = YES;
				GCC_C_LANGUAGE_STANDARD = gnu99;
				GCC_DYNAMIC_NO_PIC = NO;
				GCC_NO_COMMON_BLOCKS = YES;
				GCC_OPTIMIZATION_LEVEL = 0;
				GCC_PREPROCESSOR_DEFINITIONS = (
					"DEBUG=1",
					"$(inherited)",
				);
				GCC_SYMBOLS_PRIVATE_EXTERN = NO;
				GCC_WARN_64_TO_32_BIT_CONVERSION = YES;
				GCC_WARN_ABOUT_RETURN_TYPE = YES_ERROR;
				GCC_WARN_UNDECLARED_SELECTOR = YES;
				GCC_WARN_UNINITIALIZED_AUTOS = YES_AGGRESSIVE;
				GCC_WARN_UNUSED_FUNCTION = YES;
				GCC_WARN_UNUSED_VARIABLE = YES;
				IPHONEOS_DEPLOYMENT_TARGET = 8.4;
				MTL_ENABLE_DEBUG_INFO = YES;
				ONLY_ACTIVE_ARCH = YES;
				SDKROOT = iphoneos;
				TARGETED_DEVICE_FAMILY = "1,2";
			};
			name = Debug;
		};
		28853A421C98380F007659D7 /* Release */ = {
			isa = XCBuildConfiguration;
			buildSettings = {
				ALWAYS_SEARCH_USER_PATHS = NO;
				CLANG_CXX_LANGUAGE_STANDARD = "gnu++0x";
				CLANG_CXX_LIBRARY = "libc++";
				CLANG_ENABLE_MODULES = YES;
				CLANG_ENABLE_OBJC_ARC = YES;
				CLANG_WARN_BOOL_CONVERSION = YES;
				CLANG_WARN_CONSTANT_CONVERSION = YES;
				CLANG_WARN_DIRECT_OBJC_ISA_USAGE = YES_ERROR;
				CLANG_WARN_EMPTY_BODY = YES;
				CLANG_WARN_ENUM_CONVERSION = YES;
				CLANG_WARN_INT_CONVERSION = YES;
				CLANG_WARN_OBJC_ROOT_CLASS = YES_ERROR;
				CLANG_WARN_UNREACHABLE_CODE = YES;
				CLANG_WARN__DUPLICATE_METHOD_MATCH = YES;
				"CODE_SIGN_IDENTITY[sdk=iphoneos*]" = "iPhone Developer";
				COPY_PHASE_STRIP = NO;
				DEBUG_INFORMATION_FORMAT = "dwarf-with-dsym";
				ENABLE_NS_ASSERTIONS = NO;
				ENABLE_STRICT_OBJC_MSGSEND = YES;
				GCC_C_LANGUAGE_STANDARD = gnu99;
				GCC_NO_COMMON_BLOCKS = YES;
				GCC_WARN_64_TO_32_BIT_CONVERSION = YES;
				GCC_WARN_ABOUT_RETURN_TYPE = YES_ERROR;
				GCC_WARN_UNDECLARED_SELECTOR = YES;
				GCC_WARN_UNINITIALIZED_AUTOS = YES_AGGRESSIVE;
				GCC_WARN_UNUSED_FUNCTION = YES;
				GCC_WARN_UNUSED_VARIABLE = YES;
				IPHONEOS_DEPLOYMENT_TARGET = 8.4;
				MTL_ENABLE_DEBUG_INFO = NO;
				SDKROOT = iphoneos;
				TARGETED_DEVICE_FAMILY = "1,2";
				VALIDATE_PRODUCT = YES;
			};
			name = Release;
		};
		28853A441C98380F007659D7 /* Debug */ = {
			isa = XCBuildConfiguration;
			buildSettings = {
				ASSETCATALOG_COMPILER_APPICON_NAME = AppIcon;
				INFOPLIST_FILE = "$(SRCROOT)/Resourses/Info.plist";
				IPHONEOS_DEPLOYMENT_TARGET = 8.0;
				LD_RUNPATH_SEARCH_PATHS = "$(inherited) @executable_path/Frameworks";
				PRODUCT_NAME = "$(TARGET_NAME)";
			};
			name = Debug;
		};
		28853A451C98380F007659D7 /* Release */ = {
			isa = XCBuildConfiguration;
			buildSettings = {
				ASSETCATALOG_COMPILER_APPICON_NAME = AppIcon;
				INFOPLIST_FILE = "$(SRCROOT)/Resourses/Info.plist";
				IPHONEOS_DEPLOYMENT_TARGET = 8.0;
				LD_RUNPATH_SEARCH_PATHS = "$(inherited) @executable_path/Frameworks";
				PRODUCT_NAME = "$(TARGET_NAME)";
			};
			name = Release;
		};
/* End XCBuildConfiguration section */

/* Begin XCConfigurationList section */
		28853A1B1C98380F007659D7 /* Build configuration list for PBXProject "TrickySequence" */ = {
			isa = XCConfigurationList;
			buildConfigurations = (
				28853A411C98380F007659D7 /* Debug */,
				28853A421C98380F007659D7 /* Release */,
			);
			defaultConfigurationIsVisible = 0;
			defaultConfigurationName = Release;
		};
		28853A431C98380F007659D7 /* Build configuration list for PBXNativeTarget "TrickySequence" */ = {
			isa = XCConfigurationList;
			buildConfigurations = (
				28853A441C98380F007659D7 /* Debug */,
				28853A451C98380F007659D7 /* Release */,
			);
			defaultConfigurationIsVisible = 0;
			defaultConfigurationName = Release;
		};
/* End XCConfigurationList section */
	};
	rootObject = 28853A181C98380F007659D7 /* Project object */;
}
