// !$*UTF8*$!
{
	archiveVersion = 1;
	classes = {
	};
	objectVersion = 46;
	objects = {

/* Begin PBXBuildFile section */
		28853A751C9839D0007659D7 /* AppDelegate.m in Sources */ = {isa = PBXBuildFile; fileRef = 28853A691C9839D0007659D7 /* AppDelegate.m */; };
		28853A761C9839D0007659D7 /* main.m in Sources */ = {isa = PBXBuildFile; fileRef = 28853A6A1C9839D0007659D7 /* main.m */; };
		28853A771C9839D0007659D7 /* GameVC.m in Sources */ = {isa = PBXBuildFile; fileRef = 28853A6D1C9839D0007659D7 /* GameVC.m */; };
		28853A781C9839D0007659D7 /* LaunchScreen.xib in Resources */ = {isa = PBXBuildFile; fileRef = 28853A6F1C9839D0007659D7 /* LaunchScreen.xib */; };
		28853A791C9839D0007659D7 /* Main.storyboard in Resources */ = {isa = PBXBuildFile; fileRef = 28853A711C9839D0007659D7 /* Main.storyboard */; };
		28853A7A1C9839D0007659D7 /* Images.xcassets in Resources */ = {isa = PBXBuildFile; fileRef = 28853A731C9839D0007659D7 /* Images.xcassets */; };
		28C062CA1C9C895E00BC891D /* Ball.m in Sources */ = {isa = PBXBuildFile; fileRef = 28C062C31C9C895E00BC891D /* Ball.m */; };
		28C062CB1C9C895E00BC891D /* Ball.xib in Resources */ = {isa = PBXBuildFile; fileRef = 28C062C41C9C895E00BC891D /* Ball.xib */; };
		28C062CC1C9C895E00BC891D /* Constants.m in Sources */ = {isa = PBXBuildFile; fileRef = 28C062C61C9C895E00BC891D /* Constants.m */; };
		28C062CD1C9C895E00BC891D /* Paddle.m in Sources */ = {isa = PBXBuildFile; fileRef = 28C062C81C9C895E00BC891D /* Paddle.m */; };
		28C062CE1C9C895E00BC891D /* Paddle.xib in Resources */ = {isa = PBXBuildFile; fileRef = 28C062C91C9C895E00BC891D /* Paddle.xib */; };
/* End PBXBuildFile section */

/* Begin PBXFileReference section */
		288539E51C983742007659D7 /* PingPong.app */ = {isa = PBXFileReference; explicitFileType = wrapper.application; includeInIndex = 0; path = PingPong.app; sourceTree = BUILT_PRODUCTS_DIR; };
		28853A681C9839D0007659D7 /* AppDelegate.h */ = {isa = PBXFileReference; fileEncoding = 4; lastKnownFileType = sourcecode.c.h; path = AppDelegate.h; sourceTree = "<group>"; };
		28853A691C9839D0007659D7 /* AppDelegate.m */ = {isa = PBXFileReference; fileEncoding = 4; lastKnownFileType = sourcecode.c.objc; path = AppDelegate.m; sourceTree = "<group>"; };
		28853A6A1C9839D0007659D7 /* main.m */ = {isa = PBXFileReference; fileEncoding = 4; lastKnownFileType = sourcecode.c.objc; path = main.m; sourceTree = "<group>"; };
		28853A6C1C9839D0007659D7 /* GameVC.h */ = {isa = PBXFileReference; fileEncoding = 4; lastKnownFileType = sourcecode.c.h; path = GameVC.h; sourceTree = "<group>"; };
		28853A6D1C9839D0007659D7 /* GameVC.m */ = {isa = PBXFileReference; fileEncoding = 4; lastKnownFileType = sourcecode.c.objc; path = GameVC.m; sourceTree = "<group>"; };
		28853A701C9839D0007659D7 /* Base */ = {isa = PBXFileReference; lastKnownFileType = file.xib; name = Base; path = Base.lproj/LaunchScreen.xib; sourceTree = "<group>"; };
		28853A721C9839D0007659D7 /* Base */ = {isa = PBXFileReference; lastKnownFileType = file.storyboard; name = Base; path = Base.lproj/Main.storyboard; sourceTree = "<group>"; };
		28853A731C9839D0007659D7 /* Images.xcassets */ = {isa = PBXFileReference; lastKnownFileType = folder.assetcatalog; path = Images.xcassets; sourceTree = "<group>"; };
		28853A741C9839D0007659D7 /* Info.plist */ = {isa = PBXFileReference; fileEncoding = 4; lastKnownFileType = text.plist.xml; path = Info.plist; sourceTree = "<group>"; };
		28C062C21C9C895E00BC891D /* Ball.h */ = {isa = PBXFileReference; fileEncoding = 4; lastKnownFileType = sourcecode.c.h; path = Ball.h; sourceTree = "<group>"; };
		28C062C31C9C895E00BC891D /* Ball.m */ = {isa = PBXFileReference; fileEncoding = 4; lastKnownFileType = sourcecode.c.objc; path = Ball.m; sourceTree = "<group>"; };
		28C062C41C9C895E00BC891D /* Ball.xib */ = {isa = PBXFileReference; fileEncoding = 4; lastKnownFileType = file.xib; path = Ball.xib; sourceTree = "<group>"; };
		28C062C51C9C895E00BC891D /* Constants.h */ = {isa = PBXFileReference; fileEncoding = 4; lastKnownFileType = sourcecode.c.h; path = Constants.h; sourceTree = "<group>"; };
		28C062C61C9C895E00BC891D /* Constants.m */ = {isa = PBXFileReference; fileEncoding = 4; lastKnownFileType = sourcecode.c.objc; path = Constants.m; sourceTree = "<group>"; };
		28C062C71C9C895E00BC891D /* Paddle.h */ = {isa = PBXFileReference; fileEncoding = 4; lastKnownFileType = sourcecode.c.h; path = Paddle.h; sourceTree = "<group>"; };
		28C062C81C9C895E00BC891D /* Paddle.m */ = {isa = PBXFileReference; fileEncoding = 4; lastKnownFileType = sourcecode.c.objc; path = Paddle.m; sourceTree = "<group>"; };
		28C062C91C9C895E00BC891D /* Paddle.xib */ = {isa = PBXFileReference; fileEncoding = 4; lastKnownFileType = file.xib; path = Paddle.xib; sourceTree = "<group>"; };
/* End PBXFileReference section */

/* Begin PBXFrameworksBuildPhase section */
		288539E21C983742007659D7 /* Frameworks */ = {
			isa = PBXFrameworksBuildPhase;
			buildActionMask = 2147483647;
			files = (
			);
			runOnlyForDeploymentPostprocessing = 0;
		};
/* End PBXFrameworksBuildPhase section */

/* Begin PBXGroup section */
		288539DC1C983742007659D7 = {
			isa = PBXGroup;
			children = (
				28853A671C9839D0007659D7 /* Internal */,
				28853A6E1C9839D0007659D7 /* Resourses */,
				288539E61C983742007659D7 /* Products */,
			);
			sourceTree = "<group>";
		};
		288539E61C983742007659D7 /* Products */ = {
			isa = PBXGroup;
			children = (
				288539E51C983742007659D7 /* PingPong.app */,
			);
			name = Products;
			sourceTree = "<group>";
		};
		28853A671C9839D0007659D7 /* Internal */ = {
			isa = PBXGroup;
			children = (
				28C062C11C9C895E00BC891D /* Model */,
				28853A6C1C9839D0007659D7 /* GameVC.h */,
				28853A6D1C9839D0007659D7 /* GameVC.m */,
				28853A681C9839D0007659D7 /* AppDelegate.h */,
				28853A691C9839D0007659D7 /* AppDelegate.m */,
				28853A6A1C9839D0007659D7 /* main.m */,
			);
			path = Internal;
			sourceTree = "<group>";
		};
		28853A6E1C9839D0007659D7 /* Resourses */ = {
			isa = PBXGroup;
			children = (
				28853A6F1C9839D0007659D7 /* LaunchScreen.xib */,
				28853A711C9839D0007659D7 /* Main.storyboard */,
				28853A731C9839D0007659D7 /* Images.xcassets */,
				28853A741C9839D0007659D7 /* Info.plist */,
			);
			path = Resourses;
			sourceTree = "<group>";
		};
		28C062C11C9C895E00BC891D /* Model */ = {
			isa = PBXGroup;
			children = (
				28C062C51C9C895E00BC891D /* Constants.h */,
				28C062C61C9C895E00BC891D /* Constants.m */,
				28C062C21C9C895E00BC891D /* Ball.h */,
				28C062C31C9C895E00BC891D /* Ball.m */,
				28C062C41C9C895E00BC891D /* Ball.xib */,
				28C062C71C9C895E00BC891D /* Paddle.h */,
				28C062C81C9C895E00BC891D /* Paddle.m */,
				28C062C91C9C895E00BC891D /* Paddle.xib */,
			);
			name = Model;
			path = Internal/Model;
			sourceTree = SOURCE_ROOT;
		};
/* End PBXGroup section */

/* Begin PBXNativeTarget section */
		288539E41C983742007659D7 /* PingPong */ = {
			isa = PBXNativeTarget;
			buildConfigurationList = 28853A081C983743007659D7 /* Build configuration list for PBXNativeTarget "PingPong" */;
			buildPhases = (
				288539E11C983742007659D7 /* Sources */,
				288539E21C983742007659D7 /* Frameworks */,
				288539E31C983742007659D7 /* Resources */,
			);
			buildRules = (
			);
			dependencies = (
			);
			name = PingPong;
			productName = PingPong;
			productReference = 288539E51C983742007659D7 /* PingPong.app */;
			productType = "com.apple.product-type.application";
		};
/* End PBXNativeTarget section */

/* Begin PBXProject section */
		288539DD1C983742007659D7 /* Project object */ = {
			isa = PBXProject;
			attributes = {
				LastUpgradeCheck = 0640;
				ORGANIZATIONNAME = Dmitrii;
				TargetAttributes = {
					288539E41C983742007659D7 = {
						CreatedOnToolsVersion = 6.4;
					};
				};
			};
			buildConfigurationList = 288539E01C983742007659D7 /* Build configuration list for PBXProject "PingPong" */;
			compatibilityVersion = "Xcode 3.2";
			developmentRegion = English;
			hasScannedForEncodings = 0;
			knownRegions = (
				en,
				Base,
			);
			mainGroup = 288539DC1C983742007659D7;
			productRefGroup = 288539E61C983742007659D7 /* Products */;
			projectDirPath = "";
			projectRoot = "";
			targets = (
				288539E41C983742007659D7 /* PingPong */,
			);
		};
/* End PBXProject section */

/* Begin PBXResourcesBuildPhase section */
		288539E31C983742007659D7 /* Resources */ = {
			isa = PBXResourcesBuildPhase;
			buildActionMask = 2147483647;
			files = (
				28C062CB1C9C895E00BC891D /* Ball.xib in Resources */,
				28853A7A1C9839D0007659D7 /* Images.xcassets in Resources */,
				28853A781C9839D0007659D7 /* LaunchScreen.xib in Resources */,
				28853A791C9839D0007659D7 /* Main.storyboard in Resources */,
				28C062CE1C9C895E00BC891D /* Paddle.xib in Resources */,
			);
			runOnlyForDeploymentPostprocessing = 0;
		};
/* End PBXResourcesBuildPhase section */

/* Begin PBXSourcesBuildPhase section */
		288539E11C983742007659D7 /* Sources */ = {
			isa = PBXSourcesBuildPhase;
			buildActionMask = 2147483647;
			files = (
				28C062CC1C9C895E00BC891D /* Constants.m in Sources */,
				28C062CA1C9C895E00BC891D /* Ball.m in Sources */,
				28853A771C9839D0007659D7 /* GameVC.m in Sources */,
				28C062CD1C9C895E00BC891D /* Paddle.m in Sources */,
				28853A761C9839D0007659D7 /* main.m in Sources */,
				28853A751C9839D0007659D7 /* AppDelegate.m in Sources */,
			);
			runOnlyForDeploymentPostprocessing = 0;
		};
/* End PBXSourcesBuildPhase section */

/* Begin PBXVariantGroup section */
		28853A6F1C9839D0007659D7 /* LaunchScreen.xib */ = {
			isa = PBXVariantGroup;
			children = (
				28853A701C9839D0007659D7 /* Base */,
			);
			name = LaunchScreen.xib;
			sourceTree = "<group>";
		};
		28853A711C9839D0007659D7 /* Main.storyboard */ = {
			isa = PBXVariantGroup;
			children = (
				28853A721C9839D0007659D7 /* Base */,
			);
			name = Main.storyboard;
			sourceTree = "<group>";
		};
/* End PBXVariantGroup section */

/* Begin XCBuildConfiguration section */
		28853A061C983743007659D7 /* Debug */ = {
			isa = XCBuildConfiguration;
			buildSettings = {
				ALWAYS_SEARCH_USER_PATHS = NO;
				CLANG_CXX_LANGUAGE_STANDARD = "gnu++0x";
				CLANG_CXX_LIBRARY = "libc++";
				CLANG_ENABLE_MODULES = YES;
				CLANG_ENABLE_OBJC_ARC = YES;
				CLANG_WARN_BOOL_CONVERSION = YES;
				CLANG_WARN_CONSTANT_CONVERSION = YES;
				CLANG_WARN_DIRECT_OBJC_ISA_USAGE = YES_ERROR;
				CLANG_WARN_EMPTY_BODY = YES;
				CLANG_WARN_ENUM_CONVERSION = YES;
				CLANG_WARN_INT_CONVERSION = YES;
				CLANG_WARN_OBJC_ROOT_CLASS = YES_ERROR;
				CLANG_WARN_UNREACHABLE_CODE = YES;
				CLANG_WARN__DUPLICATE_METHOD_MATCH = YES;
				"CODE_SIGN_IDENTITY[sdk=iphoneos*]" = "iPhone Developer";
				COPY_PHASE_STRIP = NO;
				DEBUG_INFORMATION_FORMAT = "dwarf-with-dsym";
				ENABLE_STRICT_OBJC_MSGSEND = YES;
				GCC_C_LANGUAGE_STANDARD = gnu99;
				GCC_DYNAMIC_NO_PIC = NO;
				GCC_NO_COMMON_BLOCKS = YES;
				GCC_OPTIMIZATION_LEVEL = 0;
				GCC_PREPROCESSOR_DEFINITIONS = (
					"DEBUG=1",
					"$(inherited)",
				);
				GCC_SYMBOLS_PRIVATE_EXTERN = NO;
				GCC_WARN_64_TO_32_BIT_CONVERSION = YES;
				GCC_WARN_ABOUT_RETURN_TYPE = YES_ERROR;
				GCC_WARN_UNDECLARED_SELECTOR = YES;
				GCC_WARN_UNINITIALIZED_AUTOS = YES_AGGRESSIVE;
				GCC_WARN_UNUSED_FUNCTION = YES;
				GCC_WARN_UNUSED_VARIABLE = YES;
				IPHONEOS_DEPLOYMENT_TARGET = 8.0;
				MTL_ENABLE_DEBUG_INFO = YES;
				ONLY_ACTIVE_ARCH = YES;
				SDKROOT = iphoneos;
				TARGETED_DEVICE_FAMILY = "1,2";
			};
			name = Debug;
		};
		28853A071C983743007659D7 /* Release */ = {
			isa = XCBuildConfiguration;
			buildSettings = {
				ALWAYS_SEARCH_USER_PATHS = NO;
				CLANG_CXX_LANGUAGE_STANDARD = "gnu++0x";
				CLANG_CXX_LIBRARY = "libc++";
				CLANG_ENABLE_MODULES = YES;
				CLANG_ENABLE_OBJC_ARC = YES;
				CLANG_WARN_BOOL_CONVERSION = YES;
				CLANG_WARN_CONSTANT_CONVERSION = YES;
				CLANG_WARN_DIRECT_OBJC_ISA_USAGE = YES_ERROR;
				CLANG_WARN_EMPTY_BODY = YES;
				CLANG_WARN_ENUM_CONVERSION = YES;
				CLANG_WARN_INT_CONVERSION = YES;
				CLANG_WARN_OBJC_ROOT_CLASS = YES_ERROR;
				CLANG_WARN_UNREACHABLE_CODE = YES;
				CLANG_WARN__DUPLICATE_METHOD_MATCH = YES;
				"CODE_SIGN_IDENTITY[sdk=iphoneos*]" = "iPhone Developer";
				COPY_PHASE_STRIP = NO;
				DEBUG_INFORMATION_FORMAT = "dwarf-with-dsym";
				ENABLE_NS_ASSERTIONS = NO;
				ENABLE_STRICT_OBJC_MSGSEND = YES;
				GCC_C_LANGUAGE_STANDARD = gnu99;
				GCC_NO_COMMON_BLOCKS = YES;
				GCC_WARN_64_TO_32_BIT_CONVERSION = YES;
				GCC_WARN_ABOUT_RETURN_TYPE = YES_ERROR;
				GCC_WARN_UNDECLARED_SELECTOR = YES;
				GCC_WARN_UNINITIALIZED_AUTOS = YES_AGGRESSIVE;
				GCC_WARN_UNUSED_FUNCTION = YES;
				GCC_WARN_UNUSED_VARIABLE = YES;
				IPHONEOS_DEPLOYMENT_TARGET = 8.0;
				MTL_ENABLE_DEBUG_INFO = NO;
				SDKROOT = iphoneos;
				TARGETED_DEVICE_FAMILY = "1,2";
				VALIDATE_PRODUCT = YES;
			};
			name = Release;
		};
		28853A091C983743007659D7 /* Debug */ = {
			isa = XCBuildConfiguration;
			buildSettings = {
				ASSETCATALOG_COMPILER_APPICON_NAME = AppIcon;
				INFOPLIST_FILE = "$(SRCROOT)/Resourses/Info.plist";
				LD_RUNPATH_SEARCH_PATHS = "$(inherited) @executable_path/Frameworks";
				PRODUCT_NAME = "$(TARGET_NAME)";
			};
			name = Debug;
		};
		28853A0A1C983743007659D7 /* Release */ = {
			isa = XCBuildConfiguration;
			buildSettings = {
				ASSETCATALOG_COMPILER_APPICON_NAME = AppIcon;
				INFOPLIST_FILE = "$(SRCROOT)/Resourses/Info.plist";
				LD_RUNPATH_SEARCH_PATHS = "$(inherited) @executable_path/Frameworks";
				PRODUCT_NAME = "$(TARGET_NAME)";
			};
			name = Release;
		};
/* End XCBuildConfiguration section */

/* Begin XCConfigurationList section */
		288539E01C983742007659D7 /* Build configuration list for PBXProject "PingPong" */ = {
			isa = XCConfigurationList;
			buildConfigurations = (
				28853A061C983743007659D7 /* Debug */,
				28853A071C983743007659D7 /* Release */,
			);
			defaultConfigurationIsVisible = 0;
			defaultConfigurationName = Release;
		};
		28853A081C983743007659D7 /* Build configuration list for PBXNativeTarget "PingPong" */ = {
			isa = XCConfigurationList;
			buildConfigurations = (
				28853A091C983743007659D7 /* Debug */,
				28853A0A1C983743007659D7 /* Release */,
			);
			defaultConfigurationIsVisible = 0;
			defaultConfigurationName = Release;
		};
/* End XCConfigurationList section */
	};
	rootObject = 288539DD1C983742007659D7 /* Project object */;
}
